$ANSIBLE_VAULT;1.1;AES256
32643962333463623464623664613733373731643835353934383738386265646562376163353363
3833363963613730396261666366303537306539396230630a623831386631346361323762646364
33323763633864636665646164336639313433386534363131353966303333653739393037633962
3832323535333738380a663430633661613032313332336463396635346661396438396131643432
63666532316464643038653163616533313739373062333932626330646431643332636430336466
3632343235373462643962383638356462386265333037633737
